// !$*UTF8*$!
{
	archiveVersion = 1;
	classes = {
	};
	objectVersion = 51;
	objects = {

/* Begin PBXBuildFile section */
		078BAB0B5C3B6783D346AAF6 /* Pods_TvShowsApp.framework in Frameworks */ = {isa = PBXBuildFile; fileRef = 3EB952A509A7C0B02ACC41DE /* Pods_TvShowsApp.framework */; };
		5281F1BF304EEABD936837B4 /* Pods_TvShowsAppTests.framework in Frameworks */ = {isa = PBXBuildFile; fileRef = F4C73F093279C519DAD78845 /* Pods_TvShowsAppTests.framework */; };
		B88AC8229AB780EA232902EE /* Pods_TvShowsApp_TvShowsAppUITests.framework in Frameworks */ = {isa = PBXBuildFile; fileRef = 9518A4BA421A1CE6902C16EF /* Pods_TvShowsApp_TvShowsAppUITests.framework */; };
		FADBC99D2485434B008603B3 /* AppDelegate.swift in Sources */ = {isa = PBXBuildFile; fileRef = FADBC99C2485434B008603B3 /* AppDelegate.swift */; };
		FADBC9A12485434B008603B3 /* LoginViewController.swift in Sources */ = {isa = PBXBuildFile; fileRef = FADBC9A02485434B008603B3 /* LoginViewController.swift */; };
		FADBC9A42485434B008603B3 /* Main.storyboard in Resources */ = {isa = PBXBuildFile; fileRef = FADBC9A22485434B008603B3 /* Main.storyboard */; };
		FADBC9A62485434C008603B3 /* Assets.xcassets in Resources */ = {isa = PBXBuildFile; fileRef = FADBC9A52485434C008603B3 /* Assets.xcassets */; };
		FADBC9A92485434C008603B3 /* LaunchScreen.storyboard in Resources */ = {isa = PBXBuildFile; fileRef = FADBC9A72485434C008603B3 /* LaunchScreen.storyboard */; };
		FADBC9B42485434C008603B3 /* TvShowsAppTests.swift in Sources */ = {isa = PBXBuildFile; fileRef = FADBC9B32485434C008603B3 /* TvShowsAppTests.swift */; };
		FADBC9BF2485434C008603B3 /* TvShowsAppUITests.swift in Sources */ = {isa = PBXBuildFile; fileRef = FADBC9BE2485434C008603B3 /* TvShowsAppUITests.swift */; };
		FADBC9CE24854BE9008603B3 /* AlamofireAdapter.swift in Sources */ = {isa = PBXBuildFile; fileRef = FADBC9CD24854BE9008603B3 /* AlamofireAdapter.swift */; };
		FADBC9D024855189008603B3 /* LoginData.swift in Sources */ = {isa = PBXBuildFile; fileRef = FADBC9CF24855189008603B3 /* LoginData.swift */; };
		FADBC9D224855A6C008603B3 /* Constants.swift in Sources */ = {isa = PBXBuildFile; fileRef = FADBC9D124855A6C008603B3 /* Constants.swift */; };
		FADBC9D624855DFD008603B3 /* LoginModel.swift in Sources */ = {isa = PBXBuildFile; fileRef = FADBC9D524855DFD008603B3 /* LoginModel.swift */; };
		FADBC9DA248568AA008603B3 /* Extensions.swift in Sources */ = {isa = PBXBuildFile; fileRef = FADBC9D9248568AA008603B3 /* Extensions.swift */; };
/* End PBXBuildFile section */

/* Begin PBXContainerItemProxy section */
		FADBC9B02485434C008603B3 /* PBXContainerItemProxy */ = {
			isa = PBXContainerItemProxy;
			containerPortal = FADBC9912485434B008603B3 /* Project object */;
			proxyType = 1;
			remoteGlobalIDString = FADBC9982485434B008603B3;
			remoteInfo = TvShowsApp;
		};
		FADBC9BB2485434C008603B3 /* PBXContainerItemProxy */ = {
			isa = PBXContainerItemProxy;
			containerPortal = FADBC9912485434B008603B3 /* Project object */;
			proxyType = 1;
			remoteGlobalIDString = FADBC9982485434B008603B3;
			remoteInfo = TvShowsApp;
		};
/* End PBXContainerItemProxy section */

/* Begin PBXFileReference section */
		1FED3EDBB8722036E89A8F68 /* Pods-TvShowsApp.debug.xcconfig */ = {isa = PBXFileReference; includeInIndex = 1; lastKnownFileType = text.xcconfig; name = "Pods-TvShowsApp.debug.xcconfig"; path = "Target Support Files/Pods-TvShowsApp/Pods-TvShowsApp.debug.xcconfig"; sourceTree = "<group>"; };
		3DAC0C31C2A4DCA24F46C285 /* Pods-TvShowsApp.release.xcconfig */ = {isa = PBXFileReference; includeInIndex = 1; lastKnownFileType = text.xcconfig; name = "Pods-TvShowsApp.release.xcconfig"; path = "Target Support Files/Pods-TvShowsApp/Pods-TvShowsApp.release.xcconfig"; sourceTree = "<group>"; };
		3E7A2DACE6A6758FFD85EB05 /* Pods-TvShowsAppTests.release.xcconfig */ = {isa = PBXFileReference; includeInIndex = 1; lastKnownFileType = text.xcconfig; name = "Pods-TvShowsAppTests.release.xcconfig"; path = "Target Support Files/Pods-TvShowsAppTests/Pods-TvShowsAppTests.release.xcconfig"; sourceTree = "<group>"; };
		3EB952A509A7C0B02ACC41DE /* Pods_TvShowsApp.framework */ = {isa = PBXFileReference; explicitFileType = wrapper.framework; includeInIndex = 0; path = Pods_TvShowsApp.framework; sourceTree = BUILT_PRODUCTS_DIR; };
		428535BB31B630F5BEB62F15 /* Pods-TvShowsApp-TvShowsAppUITests.release.xcconfig */ = {isa = PBXFileReference; includeInIndex = 1; lastKnownFileType = text.xcconfig; name = "Pods-TvShowsApp-TvShowsAppUITests.release.xcconfig"; path = "Target Support Files/Pods-TvShowsApp-TvShowsAppUITests/Pods-TvShowsApp-TvShowsAppUITests.release.xcconfig"; sourceTree = "<group>"; };
		9518A4BA421A1CE6902C16EF /* Pods_TvShowsApp_TvShowsAppUITests.framework */ = {isa = PBXFileReference; explicitFileType = wrapper.framework; includeInIndex = 0; path = Pods_TvShowsApp_TvShowsAppUITests.framework; sourceTree = BUILT_PRODUCTS_DIR; };
		993BCDF829D8A9F8685AFA40 /* Pods-TvShowsAppTests.debug.xcconfig */ = {isa = PBXFileReference; includeInIndex = 1; lastKnownFileType = text.xcconfig; name = "Pods-TvShowsAppTests.debug.xcconfig"; path = "Target Support Files/Pods-TvShowsAppTests/Pods-TvShowsAppTests.debug.xcconfig"; sourceTree = "<group>"; };
		E3678E6DB60F2AF71183DF72 /* Pods-TvShowsApp-TvShowsAppUITests.debug.xcconfig */ = {isa = PBXFileReference; includeInIndex = 1; lastKnownFileType = text.xcconfig; name = "Pods-TvShowsApp-TvShowsAppUITests.debug.xcconfig"; path = "Target Support Files/Pods-TvShowsApp-TvShowsAppUITests/Pods-TvShowsApp-TvShowsAppUITests.debug.xcconfig"; sourceTree = "<group>"; };
		F4C73F093279C519DAD78845 /* Pods_TvShowsAppTests.framework */ = {isa = PBXFileReference; explicitFileType = wrapper.framework; includeInIndex = 0; path = Pods_TvShowsAppTests.framework; sourceTree = BUILT_PRODUCTS_DIR; };
		FADBC9992485434B008603B3 /* TvShowsApp.app */ = {isa = PBXFileReference; explicitFileType = wrapper.application; includeInIndex = 0; path = TvShowsApp.app; sourceTree = BUILT_PRODUCTS_DIR; };
		FADBC99C2485434B008603B3 /* AppDelegate.swift */ = {isa = PBXFileReference; lastKnownFileType = sourcecode.swift; path = AppDelegate.swift; sourceTree = "<group>"; };
		FADBC9A02485434B008603B3 /* LoginViewController.swift */ = {isa = PBXFileReference; lastKnownFileType = sourcecode.swift; path = LoginViewController.swift; sourceTree = "<group>"; };
		FADBC9A32485434B008603B3 /* Base */ = {isa = PBXFileReference; lastKnownFileType = file.storyboard; name = Base; path = Base.lproj/Main.storyboard; sourceTree = "<group>"; };
		FADBC9A52485434C008603B3 /* Assets.xcassets */ = {isa = PBXFileReference; lastKnownFileType = folder.assetcatalog; path = Assets.xcassets; sourceTree = "<group>"; };
		FADBC9A82485434C008603B3 /* Base */ = {isa = PBXFileReference; lastKnownFileType = file.storyboard; name = Base; path = Base.lproj/LaunchScreen.storyboard; sourceTree = "<group>"; };
		FADBC9AA2485434C008603B3 /* Info.plist */ = {isa = PBXFileReference; lastKnownFileType = text.plist.xml; path = Info.plist; sourceTree = "<group>"; };
		FADBC9AF2485434C008603B3 /* TvShowsAppTests.xctest */ = {isa = PBXFileReference; explicitFileType = wrapper.cfbundle; includeInIndex = 0; path = TvShowsAppTests.xctest; sourceTree = BUILT_PRODUCTS_DIR; };
		FADBC9B32485434C008603B3 /* TvShowsAppTests.swift */ = {isa = PBXFileReference; lastKnownFileType = sourcecode.swift; path = TvShowsAppTests.swift; sourceTree = "<group>"; };
		FADBC9B52485434C008603B3 /* Info.plist */ = {isa = PBXFileReference; lastKnownFileType = text.plist.xml; path = Info.plist; sourceTree = "<group>"; };
		FADBC9BA2485434C008603B3 /* TvShowsAppUITests.xctest */ = {isa = PBXFileReference; explicitFileType = wrapper.cfbundle; includeInIndex = 0; path = TvShowsAppUITests.xctest; sourceTree = BUILT_PRODUCTS_DIR; };
		FADBC9BE2485434C008603B3 /* TvShowsAppUITests.swift */ = {isa = PBXFileReference; lastKnownFileType = sourcecode.swift; path = TvShowsAppUITests.swift; sourceTree = "<group>"; };
		FADBC9C02485434C008603B3 /* Info.plist */ = {isa = PBXFileReference; lastKnownFileType = text.plist.xml; path = Info.plist; sourceTree = "<group>"; };
		FADBC9CD24854BE9008603B3 /* AlamofireAdapter.swift */ = {isa = PBXFileReference; lastKnownFileType = sourcecode.swift; path = AlamofireAdapter.swift; sourceTree = "<group>"; };
		FADBC9CF24855189008603B3 /* LoginData.swift */ = {isa = PBXFileReference; lastKnownFileType = sourcecode.swift; path = LoginData.swift; sourceTree = "<group>"; };
		FADBC9D124855A6C008603B3 /* Constants.swift */ = {isa = PBXFileReference; lastKnownFileType = sourcecode.swift; path = Constants.swift; sourceTree = "<group>"; };
		FADBC9D524855DFD008603B3 /* LoginModel.swift */ = {isa = PBXFileReference; lastKnownFileType = sourcecode.swift; path = LoginModel.swift; sourceTree = "<group>"; };
		FADBC9D9248568AA008603B3 /* Extensions.swift */ = {isa = PBXFileReference; lastKnownFileType = sourcecode.swift; path = Extensions.swift; sourceTree = "<group>"; };
/* End PBXFileReference section */

/* Begin PBXFrameworksBuildPhase section */
		FADBC9962485434B008603B3 /* Frameworks */ = {
			isa = PBXFrameworksBuildPhase;
			buildActionMask = 2147483647;
			files = (
				078BAB0B5C3B6783D346AAF6 /* Pods_TvShowsApp.framework in Frameworks */,
			);
			runOnlyForDeploymentPostprocessing = 0;
		};
		FADBC9AC2485434C008603B3 /* Frameworks */ = {
			isa = PBXFrameworksBuildPhase;
			buildActionMask = 2147483647;
			files = (
				5281F1BF304EEABD936837B4 /* Pods_TvShowsAppTests.framework in Frameworks */,
			);
			runOnlyForDeploymentPostprocessing = 0;
		};
		FADBC9B72485434C008603B3 /* Frameworks */ = {
			isa = PBXFrameworksBuildPhase;
			buildActionMask = 2147483647;
			files = (
				B88AC8229AB780EA232902EE /* Pods_TvShowsApp_TvShowsAppUITests.framework in Frameworks */,
			);
			runOnlyForDeploymentPostprocessing = 0;
		};
/* End PBXFrameworksBuildPhase section */

/* Begin PBXGroup section */
		09E11E6F5F90EA2E185046EF /* Frameworks */ = {
			isa = PBXGroup;
			children = (
				3EB952A509A7C0B02ACC41DE /* Pods_TvShowsApp.framework */,
				9518A4BA421A1CE6902C16EF /* Pods_TvShowsApp_TvShowsAppUITests.framework */,
				F4C73F093279C519DAD78845 /* Pods_TvShowsAppTests.framework */,
			);
			name = Frameworks;
			sourceTree = "<group>";
		};
		A57E48FEC57C51EEC2A1B9DF /* Pods */ = {
			isa = PBXGroup;
			children = (
				1FED3EDBB8722036E89A8F68 /* Pods-TvShowsApp.debug.xcconfig */,
				3DAC0C31C2A4DCA24F46C285 /* Pods-TvShowsApp.release.xcconfig */,
				E3678E6DB60F2AF71183DF72 /* Pods-TvShowsApp-TvShowsAppUITests.debug.xcconfig */,
				428535BB31B630F5BEB62F15 /* Pods-TvShowsApp-TvShowsAppUITests.release.xcconfig */,
				993BCDF829D8A9F8685AFA40 /* Pods-TvShowsAppTests.debug.xcconfig */,
				3E7A2DACE6A6758FFD85EB05 /* Pods-TvShowsAppTests.release.xcconfig */,
			);
			path = Pods;
			sourceTree = "<group>";
		};
		FADBC9902485434B008603B3 = {
			isa = PBXGroup;
			children = (
				FADBC99B2485434B008603B3 /* TvShowsApp */,
				FADBC9B22485434C008603B3 /* TvShowsAppTests */,
				FADBC9BD2485434C008603B3 /* TvShowsAppUITests */,
				FADBC99A2485434B008603B3 /* Products */,
				A57E48FEC57C51EEC2A1B9DF /* Pods */,
				09E11E6F5F90EA2E185046EF /* Frameworks */,
			);
			sourceTree = "<group>";
		};
		FADBC99A2485434B008603B3 /* Products */ = {
			isa = PBXGroup;
			children = (
				FADBC9992485434B008603B3 /* TvShowsApp.app */,
				FADBC9AF2485434C008603B3 /* TvShowsAppTests.xctest */,
				FADBC9BA2485434C008603B3 /* TvShowsAppUITests.xctest */,
			);
			name = Products;
			sourceTree = "<group>";
		};
		FADBC99B2485434B008603B3 /* TvShowsApp */ = {
			isa = PBXGroup;
			children = (
				FADBC9CC24854B8A008603B3 /* Application */,
				FADBC9D72485608A008603B3 /* Models */,
				FADBC9D824856095008603B3 /* Networking */,
				FADBC9DB24856D07008603B3 /* Controllers */,
				FADBC9A22485434B008603B3 /* Main.storyboard */,
				FADBC9A72485434C008603B3 /* LaunchScreen.storyboard */,
				FADBC9AA2485434C008603B3 /* Info.plist */,
				FADBC9A52485434C008603B3 /* Assets.xcassets */,
			);
			path = TvShowsApp;
			sourceTree = "<group>";
		};
		FADBC9B22485434C008603B3 /* TvShowsAppTests */ = {
			isa = PBXGroup;
			children = (
				FADBC9B32485434C008603B3 /* TvShowsAppTests.swift */,
				FADBC9B52485434C008603B3 /* Info.plist */,
			);
			path = TvShowsAppTests;
			sourceTree = "<group>";
		};
		FADBC9BD2485434C008603B3 /* TvShowsAppUITests */ = {
			isa = PBXGroup;
			children = (
				FADBC9BE2485434C008603B3 /* TvShowsAppUITests.swift */,
				FADBC9C02485434C008603B3 /* Info.plist */,
			);
			path = TvShowsAppUITests;
			sourceTree = "<group>";
		};
		FADBC9CC24854B8A008603B3 /* Application */ = {
			isa = PBXGroup;
			children = (
				FADBC99C2485434B008603B3 /* AppDelegate.swift */,
				FADBC9D9248568AA008603B3 /* Extensions.swift */,
				FADBC9D124855A6C008603B3 /* Constants.swift */,
			);
			path = Application;
			sourceTree = "<group>";
		};
		FADBC9D72485608A008603B3 /* Models */ = {
			isa = PBXGroup;
			children = (
				FADBC9CF24855189008603B3 /* LoginData.swift */,
				FADBC9D524855DFD008603B3 /* LoginModel.swift */,
			);
			path = Models;
			sourceTree = "<group>";
		};
		FADBC9D824856095008603B3 /* Networking */ = {
			isa = PBXGroup;
			children = (
				FADBC9CD24854BE9008603B3 /* AlamofireAdapter.swift */,
			);
			path = Networking;
			sourceTree = "<group>";
		};
		FADBC9DB24856D07008603B3 /* Controllers */ = {
			isa = PBXGroup;
			children = (
				FADBC9A02485434B008603B3 /* LoginViewController.swift */,
			);
			path = Controllers;
			sourceTree = "<group>";
		};
/* End PBXGroup section */

/* Begin PBXNativeTarget section */
		FADBC9982485434B008603B3 /* TvShowsApp */ = {
			isa = PBXNativeTarget;
			buildConfigurationList = FADBC9C32485434C008603B3 /* Build configuration list for PBXNativeTarget "TvShowsApp" */;
			buildPhases = (
				781CA5AAE67368706F0B8554 /* [CP] Check Pods Manifest.lock */,
				FADBC9952485434B008603B3 /* Sources */,
				FADBC9962485434B008603B3 /* Frameworks */,
				FADBC9972485434B008603B3 /* Resources */,
				90E0C3171B491E7433DD6D5B /* [CP] Embed Pods Frameworks */,
			);
			buildRules = (
			);
			dependencies = (
			);
			name = TvShowsApp;
			productName = TvShowsApp;
			productReference = FADBC9992485434B008603B3 /* TvShowsApp.app */;
			productType = "com.apple.product-type.application";
		};
		FADBC9AE2485434C008603B3 /* TvShowsAppTests */ = {
			isa = PBXNativeTarget;
			buildConfigurationList = FADBC9C62485434C008603B3 /* Build configuration list for PBXNativeTarget "TvShowsAppTests" */;
			buildPhases = (
				56FA3B6BB590AC2285D66DCF /* [CP] Check Pods Manifest.lock */,
				FADBC9AB2485434C008603B3 /* Sources */,
				FADBC9AC2485434C008603B3 /* Frameworks */,
				FADBC9AD2485434C008603B3 /* Resources */,
			);
			buildRules = (
			);
			dependencies = (
				FADBC9B12485434C008603B3 /* PBXTargetDependency */,
			);
			name = TvShowsAppTests;
			productName = TvShowsAppTests;
			productReference = FADBC9AF2485434C008603B3 /* TvShowsAppTests.xctest */;
			productType = "com.apple.product-type.bundle.unit-test";
		};
		FADBC9B92485434C008603B3 /* TvShowsAppUITests */ = {
			isa = PBXNativeTarget;
			buildConfigurationList = FADBC9C92485434C008603B3 /* Build configuration list for PBXNativeTarget "TvShowsAppUITests" */;
			buildPhases = (
				435BEFC1D65B134C38F2F0E3 /* [CP] Check Pods Manifest.lock */,
				FADBC9B62485434C008603B3 /* Sources */,
				FADBC9B72485434C008603B3 /* Frameworks */,
				FADBC9B82485434C008603B3 /* Resources */,
				00D8CDC19DFBC660EC55B025 /* [CP] Embed Pods Frameworks */,
			);
			buildRules = (
			);
			dependencies = (
				FADBC9BC2485434C008603B3 /* PBXTargetDependency */,
			);
			name = TvShowsAppUITests;
			productName = TvShowsAppUITests;
			productReference = FADBC9BA2485434C008603B3 /* TvShowsAppUITests.xctest */;
			productType = "com.apple.product-type.bundle.ui-testing";
		};
/* End PBXNativeTarget section */

/* Begin PBXProject section */
		FADBC9912485434B008603B3 /* Project object */ = {
			isa = PBXProject;
			attributes = {
				LastSwiftUpdateCheck = 1150;
				LastUpgradeCheck = 1150;
				ORGANIZATIONNAME = "Teodora Garasanin";
				TargetAttributes = {
					FADBC9982485434B008603B3 = {
						CreatedOnToolsVersion = 11.5;
					};
					FADBC9AE2485434C008603B3 = {
						CreatedOnToolsVersion = 11.5;
						TestTargetID = FADBC9982485434B008603B3;
					};
					FADBC9B92485434C008603B3 = {
						CreatedOnToolsVersion = 11.5;
						TestTargetID = FADBC9982485434B008603B3;
					};
				};
			};
			buildConfigurationList = FADBC9942485434B008603B3 /* Build configuration list for PBXProject "TvShowsApp" */;
			compatibilityVersion = "Xcode 9.3";
			developmentRegion = en;
			hasScannedForEncodings = 0;
			knownRegions = (
				en,
				Base,
			);
			mainGroup = FADBC9902485434B008603B3;
			productRefGroup = FADBC99A2485434B008603B3 /* Products */;
			projectDirPath = "";
			projectRoot = "";
			targets = (
				FADBC9982485434B008603B3 /* TvShowsApp */,
				FADBC9AE2485434C008603B3 /* TvShowsAppTests */,
				FADBC9B92485434C008603B3 /* TvShowsAppUITests */,
			);
		};
/* End PBXProject section */

/* Begin PBXResourcesBuildPhase section */
		FADBC9972485434B008603B3 /* Resources */ = {
			isa = PBXResourcesBuildPhase;
			buildActionMask = 2147483647;
			files = (
				FADBC9A92485434C008603B3 /* LaunchScreen.storyboard in Resources */,
				FADBC9A62485434C008603B3 /* Assets.xcassets in Resources */,
				FADBC9A42485434B008603B3 /* Main.storyboard in Resources */,
			);
			runOnlyForDeploymentPostprocessing = 0;
		};
		FADBC9AD2485434C008603B3 /* Resources */ = {
			isa = PBXResourcesBuildPhase;
			buildActionMask = 2147483647;
			files = (
			);
			runOnlyForDeploymentPostprocessing = 0;
		};
		FADBC9B82485434C008603B3 /* Resources */ = {
			isa = PBXResourcesBuildPhase;
			buildActionMask = 2147483647;
			files = (
			);
			runOnlyForDeploymentPostprocessing = 0;
		};
/* End PBXResourcesBuildPhase section */

/* Begin PBXShellScriptBuildPhase section */
		00D8CDC19DFBC660EC55B025 /* [CP] Embed Pods Frameworks */ = {
			isa = PBXShellScriptBuildPhase;
			buildActionMask = 2147483647;
			files = (
			);
			inputFileListPaths = (
				"${PODS_ROOT}/Target Support Files/Pods-TvShowsApp-TvShowsAppUITests/Pods-TvShowsApp-TvShowsAppUITests-frameworks-${CONFIGURATION}-input-files.xcfilelist",
			);
			name = "[CP] Embed Pods Frameworks";
			outputFileListPaths = (
				"${PODS_ROOT}/Target Support Files/Pods-TvShowsApp-TvShowsAppUITests/Pods-TvShowsApp-TvShowsAppUITests-frameworks-${CONFIGURATION}-output-files.xcfilelist",
			);
			runOnlyForDeploymentPostprocessing = 0;
			shellPath = /bin/sh;
			shellScript = "\"${PODS_ROOT}/Target Support Files/Pods-TvShowsApp-TvShowsAppUITests/Pods-TvShowsApp-TvShowsAppUITests-frameworks.sh\"\n";
			showEnvVarsInLog = 0;
		};
		435BEFC1D65B134C38F2F0E3 /* [CP] Check Pods Manifest.lock */ = {
			isa = PBXShellScriptBuildPhase;
			buildActionMask = 2147483647;
			files = (
			);
			inputFileListPaths = (
			);
			inputPaths = (
				"${PODS_PODFILE_DIR_PATH}/Podfile.lock",
				"${PODS_ROOT}/Manifest.lock",
			);
			name = "[CP] Check Pods Manifest.lock";
			outputFileListPaths = (
			);
			outputPaths = (
				"$(DERIVED_FILE_DIR)/Pods-TvShowsApp-TvShowsAppUITests-checkManifestLockResult.txt",
			);
			runOnlyForDeploymentPostprocessing = 0;
			shellPath = /bin/sh;
			shellScript = "diff \"${PODS_PODFILE_DIR_PATH}/Podfile.lock\" \"${PODS_ROOT}/Manifest.lock\" > /dev/null\nif [ $? != 0 ] ; then\n    # print error to STDERR\n    echo \"error: The sandbox is not in sync with the Podfile.lock. Run 'pod install' or update your CocoaPods installation.\" >&2\n    exit 1\nfi\n# This output is used by Xcode 'outputs' to avoid re-running this script phase.\necho \"SUCCESS\" > \"${SCRIPT_OUTPUT_FILE_0}\"\n";
			showEnvVarsInLog = 0;
		};
		56FA3B6BB590AC2285D66DCF /* [CP] Check Pods Manifest.lock */ = {
			isa = PBXShellScriptBuildPhase;
			buildActionMask = 2147483647;
			files = (
			);
			inputFileListPaths = (
			);
			inputPaths = (
				"${PODS_PODFILE_DIR_PATH}/Podfile.lock",
				"${PODS_ROOT}/Manifest.lock",
			);
			name = "[CP] Check Pods Manifest.lock";
			outputFileListPaths = (
			);
			outputPaths = (
				"$(DERIVED_FILE_DIR)/Pods-TvShowsAppTests-checkManifestLockResult.txt",
			);
			runOnlyForDeploymentPostprocessing = 0;
			shellPath = /bin/sh;
			shellScript = "diff \"${PODS_PODFILE_DIR_PATH}/Podfile.lock\" \"${PODS_ROOT}/Manifest.lock\" > /dev/null\nif [ $? != 0 ] ; then\n    # print error to STDERR\n    echo \"error: The sandbox is not in sync with the Podfile.lock. Run 'pod install' or update your CocoaPods installation.\" >&2\n    exit 1\nfi\n# This output is used by Xcode 'outputs' to avoid re-running this script phase.\necho \"SUCCESS\" > \"${SCRIPT_OUTPUT_FILE_0}\"\n";
			showEnvVarsInLog = 0;
		};
		781CA5AAE67368706F0B8554 /* [CP] Check Pods Manifest.lock */ = {
			isa = PBXShellScriptBuildPhase;
			buildActionMask = 2147483647;
			files = (
			);
			inputFileListPaths = (
			);
			inputPaths = (
				"${PODS_PODFILE_DIR_PATH}/Podfile.lock",
				"${PODS_ROOT}/Manifest.lock",
			);
			name = "[CP] Check Pods Manifest.lock";
			outputFileListPaths = (
			);
			outputPaths = (
				"$(DERIVED_FILE_DIR)/Pods-TvShowsApp-checkManifestLockResult.txt",
			);
			runOnlyForDeploymentPostprocessing = 0;
			shellPath = /bin/sh;
			shellScript = "diff \"${PODS_PODFILE_DIR_PATH}/Podfile.lock\" \"${PODS_ROOT}/Manifest.lock\" > /dev/null\nif [ $? != 0 ] ; then\n    # print error to STDERR\n    echo \"error: The sandbox is not in sync with the Podfile.lock. Run 'pod install' or update your CocoaPods installation.\" >&2\n    exit 1\nfi\n# This output is used by Xcode 'outputs' to avoid re-running this script phase.\necho \"SUCCESS\" > \"${SCRIPT_OUTPUT_FILE_0}\"\n";
			showEnvVarsInLog = 0;
		};
		90E0C3171B491E7433DD6D5B /* [CP] Embed Pods Frameworks */ = {
			isa = PBXShellScriptBuildPhase;
			buildActionMask = 2147483647;
			files = (
			);
			inputFileListPaths = (
				"${PODS_ROOT}/Target Support Files/Pods-TvShowsApp/Pods-TvShowsApp-frameworks-${CONFIGURATION}-input-files.xcfilelist",
			);
			name = "[CP] Embed Pods Frameworks";
			outputFileListPaths = (
				"${PODS_ROOT}/Target Support Files/Pods-TvShowsApp/Pods-TvShowsApp-frameworks-${CONFIGURATION}-output-files.xcfilelist",
			);
			runOnlyForDeploymentPostprocessing = 0;
			shellPath = /bin/sh;
			shellScript = "\"${PODS_ROOT}/Target Support Files/Pods-TvShowsApp/Pods-TvShowsApp-frameworks.sh\"\n";
			showEnvVarsInLog = 0;
		};
/* End PBXShellScriptBuildPhase section */

/* Begin PBXSourcesBuildPhase section */
		FADBC9952485434B008603B3 /* Sources */ = {
			isa = PBXSourcesBuildPhase;
			buildActionMask = 2147483647;
			files = (
				FADBC9D224855A6C008603B3 /* Constants.swift in Sources */,
				FADBC9D624855DFD008603B3 /* LoginModel.swift in Sources */,
				FADBC9A12485434B008603B3 /* LoginViewController.swift in Sources */,
				FADBC9D024855189008603B3 /* LoginData.swift in Sources */,
				FADBC99D2485434B008603B3 /* AppDelegate.swift in Sources */,
				FADBC9CE24854BE9008603B3 /* AlamofireAdapter.swift in Sources */,
				FADBC9DA248568AA008603B3 /* Extensions.swift in Sources */,
			);
			runOnlyForDeploymentPostprocessing = 0;
		};
		FADBC9AB2485434C008603B3 /* Sources */ = {
			isa = PBXSourcesBuildPhase;
			buildActionMask = 2147483647;
			files = (
				FADBC9B42485434C008603B3 /* TvShowsAppTests.swift in Sources */,
			);
			runOnlyForDeploymentPostprocessing = 0;
		};
		FADBC9B62485434C008603B3 /* Sources */ = {
			isa = PBXSourcesBuildPhase;
			buildActionMask = 2147483647;
			files = (
				FADBC9BF2485434C008603B3 /* TvShowsAppUITests.swift in Sources */,
			);
			runOnlyForDeploymentPostprocessing = 0;
		};
/* End PBXSourcesBuildPhase section */

/* Begin PBXTargetDependency section */
		FADBC9B12485434C008603B3 /* PBXTargetDependency */ = {
			isa = PBXTargetDependency;
			target = FADBC9982485434B008603B3 /* TvShowsApp */;
			targetProxy = FADBC9B02485434C008603B3 /* PBXContainerItemProxy */;
		};
		FADBC9BC2485434C008603B3 /* PBXTargetDependency */ = {
			isa = PBXTargetDependency;
			target = FADBC9982485434B008603B3 /* TvShowsApp */;
			targetProxy = FADBC9BB2485434C008603B3 /* PBXContainerItemProxy */;
		};
/* End PBXTargetDependency section */

/* Begin PBXVariantGroup section */
		FADBC9A22485434B008603B3 /* Main.storyboard */ = {
			isa = PBXVariantGroup;
			children = (
				FADBC9A32485434B008603B3 /* Base */,
			);
			name = Main.storyboard;
			sourceTree = "<group>";
		};
		FADBC9A72485434C008603B3 /* LaunchScreen.storyboard */ = {
			isa = PBXVariantGroup;
			children = (
				FADBC9A82485434C008603B3 /* Base */,
			);
			name = LaunchScreen.storyboard;
			sourceTree = "<group>";
		};
/* End PBXVariantGroup section */

/* Begin XCBuildConfiguration section */
		FADBC9C12485434C008603B3 /* Debug */ = {
			isa = XCBuildConfiguration;
			buildSettings = {
				ALWAYS_SEARCH_USER_PATHS = NO;
				CLANG_ANALYZER_NONNULL = YES;
				CLANG_ANALYZER_NUMBER_OBJECT_CONVERSION = YES_AGGRESSIVE;
				CLANG_CXX_LANGUAGE_STANDARD = "gnu++14";
				CLANG_CXX_LIBRARY = "libc++";
				CLANG_ENABLE_MODULES = YES;
				CLANG_ENABLE_OBJC_ARC = YES;
				CLANG_ENABLE_OBJC_WEAK = YES;
				CLANG_WARN_BLOCK_CAPTURE_AUTORELEASING = YES;
				CLANG_WARN_BOOL_CONVERSION = YES;
				CLANG_WARN_COMMA = YES;
				CLANG_WARN_CONSTANT_CONVERSION = YES;
				CLANG_WARN_DEPRECATED_OBJC_IMPLEMENTATIONS = YES;
				CLANG_WARN_DIRECT_OBJC_ISA_USAGE = YES_ERROR;
				CLANG_WARN_DOCUMENTATION_COMMENTS = YES;
				CLANG_WARN_EMPTY_BODY = YES;
				CLANG_WARN_ENUM_CONVERSION = YES;
				CLANG_WARN_INFINITE_RECURSION = YES;
				CLANG_WARN_INT_CONVERSION = YES;
				CLANG_WARN_NON_LITERAL_NULL_CONVERSION = YES;
				CLANG_WARN_OBJC_IMPLICIT_RETAIN_SELF = YES;
				CLANG_WARN_OBJC_LITERAL_CONVERSION = YES;
				CLANG_WARN_OBJC_ROOT_CLASS = YES_ERROR;
				CLANG_WARN_RANGE_LOOP_ANALYSIS = YES;
				CLANG_WARN_STRICT_PROTOTYPES = YES;
				CLANG_WARN_SUSPICIOUS_MOVE = YES;
				CLANG_WARN_UNGUARDED_AVAILABILITY = YES_AGGRESSIVE;
				CLANG_WARN_UNREACHABLE_CODE = YES;
				CLANG_WARN__DUPLICATE_METHOD_MATCH = YES;
				COPY_PHASE_STRIP = NO;
				DEBUG_INFORMATION_FORMAT = dwarf;
				ENABLE_STRICT_OBJC_MSGSEND = YES;
				ENABLE_TESTABILITY = YES;
				GCC_C_LANGUAGE_STANDARD = gnu11;
				GCC_DYNAMIC_NO_PIC = NO;
				GCC_NO_COMMON_BLOCKS = YES;
				GCC_OPTIMIZATION_LEVEL = 0;
				GCC_PREPROCESSOR_DEFINITIONS = (
					"DEBUG=1",
					"$(inherited)",
				);
				GCC_WARN_64_TO_32_BIT_CONVERSION = YES;
				GCC_WARN_ABOUT_RETURN_TYPE = YES_ERROR;
				GCC_WARN_UNDECLARED_SELECTOR = YES;
				GCC_WARN_UNINITIALIZED_AUTOS = YES_AGGRESSIVE;
				GCC_WARN_UNUSED_FUNCTION = YES;
				GCC_WARN_UNUSED_VARIABLE = YES;
				IPHONEOS_DEPLOYMENT_TARGET = 13.5;
				MTL_ENABLE_DEBUG_INFO = INCLUDE_SOURCE;
				MTL_FAST_MATH = YES;
				ONLY_ACTIVE_ARCH = YES;
				SDKROOT = iphoneos;
				SWIFT_ACTIVE_COMPILATION_CONDITIONS = DEBUG;
				SWIFT_OPTIMIZATION_LEVEL = "-Onone";
			};
			name = Debug;
		};
		FADBC9C22485434C008603B3 /* Release */ = {
			isa = XCBuildConfiguration;
			buildSettings = {
				ALWAYS_SEARCH_USER_PATHS = NO;
				CLANG_ANALYZER_NONNULL = YES;
				CLANG_ANALYZER_NUMBER_OBJECT_CONVERSION = YES_AGGRESSIVE;
				CLANG_CXX_LANGUAGE_STANDARD = "gnu++14";
				CLANG_CXX_LIBRARY = "libc++";
				CLANG_ENABLE_MODULES = YES;
				CLANG_ENABLE_OBJC_ARC = YES;
				CLANG_ENABLE_OBJC_WEAK = YES;
				CLANG_WARN_BLOCK_CAPTURE_AUTORELEASING = YES;
				CLANG_WARN_BOOL_CONVERSION = YES;
				CLANG_WARN_COMMA = YES;
				CLANG_WARN_CONSTANT_CONVERSION = YES;
				CLANG_WARN_DEPRECATED_OBJC_IMPLEMENTATIONS = YES;
				CLANG_WARN_DIRECT_OBJC_ISA_USAGE = YES_ERROR;
				CLANG_WARN_DOCUMENTATION_COMMENTS = YES;
				CLANG_WARN_EMPTY_BODY = YES;
				CLANG_WARN_ENUM_CONVERSION = YES;
				CLANG_WARN_INFINITE_RECURSION = YES;
				CLANG_WARN_INT_CONVERSION = YES;
				CLANG_WARN_NON_LITERAL_NULL_CONVERSION = YES;
				CLANG_WARN_OBJC_IMPLICIT_RETAIN_SELF = YES;
				CLANG_WARN_OBJC_LITERAL_CONVERSION = YES;
				CLANG_WARN_OBJC_ROOT_CLASS = YES_ERROR;
				CLANG_WARN_RANGE_LOOP_ANALYSIS = YES;
				CLANG_WARN_STRICT_PROTOTYPES = YES;
				CLANG_WARN_SUSPICIOUS_MOVE = YES;
				CLANG_WARN_UNGUARDED_AVAILABILITY = YES_AGGRESSIVE;
				CLANG_WARN_UNREACHABLE_CODE = YES;
				CLANG_WARN__DUPLICATE_METHOD_MATCH = YES;
				COPY_PHASE_STRIP = NO;
				DEBUG_INFORMATION_FORMAT = "dwarf-with-dsym";
				ENABLE_NS_ASSERTIONS = NO;
				ENABLE_STRICT_OBJC_MSGSEND = YES;
				GCC_C_LANGUAGE_STANDARD = gnu11;
				GCC_NO_COMMON_BLOCKS = YES;
				GCC_WARN_64_TO_32_BIT_CONVERSION = YES;
				GCC_WARN_ABOUT_RETURN_TYPE = YES_ERROR;
				GCC_WARN_UNDECLARED_SELECTOR = YES;
				GCC_WARN_UNINITIALIZED_AUTOS = YES_AGGRESSIVE;
				GCC_WARN_UNUSED_FUNCTION = YES;
				GCC_WARN_UNUSED_VARIABLE = YES;
				IPHONEOS_DEPLOYMENT_TARGET = 13.5;
				MTL_ENABLE_DEBUG_INFO = NO;
				MTL_FAST_MATH = YES;
				SDKROOT = iphoneos;
				SWIFT_COMPILATION_MODE = wholemodule;
				SWIFT_OPTIMIZATION_LEVEL = "-O";
				VALIDATE_PRODUCT = YES;
			};
			name = Release;
		};
		FADBC9C42485434C008603B3 /* Debug */ = {
			isa = XCBuildConfiguration;
			baseConfigurationReference = 1FED3EDBB8722036E89A8F68 /* Pods-TvShowsApp.debug.xcconfig */;
			buildSettings = {
				ASSETCATALOG_COMPILER_APPICON_NAME = AppIcon;
				CODE_SIGN_STYLE = Automatic;
				INFOPLIST_FILE = TvShowsApp/Info.plist;
				LD_RUNPATH_SEARCH_PATHS = (
					"$(inherited)",
					"@executable_path/Frameworks",
				);
				PRODUCT_BUNDLE_IDENTIFIER = teodora.garasanin.TvShowsApp;
				PRODUCT_NAME = "$(TARGET_NAME)";
				SWIFT_VERSION = 5.0;
				TARGETED_DEVICE_FAMILY = "1,2";
			};
			name = Debug;
		};
		FADBC9C52485434C008603B3 /* Release */ = {
			isa = XCBuildConfiguration;
			baseConfigurationReference = 3DAC0C31C2A4DCA24F46C285 /* Pods-TvShowsApp.release.xcconfig */;
			buildSettings = {
				ASSETCATALOG_COMPILER_APPICON_NAME = AppIcon;
				CODE_SIGN_STYLE = Automatic;
				INFOPLIST_FILE = TvShowsApp/Info.plist;
				LD_RUNPATH_SEARCH_PATHS = (
					"$(inherited)",
					"@executable_path/Frameworks",
				);
				PRODUCT_BUNDLE_IDENTIFIER = teodora.garasanin.TvShowsApp;
				PRODUCT_NAME = "$(TARGET_NAME)";
				SWIFT_VERSION = 5.0;
				TARGETED_DEVICE_FAMILY = "1,2";
			};
			name = Release;
		};
		FADBC9C72485434C008603B3 /* Debug */ = {
			isa = XCBuildConfiguration;
			baseConfigurationReference = 993BCDF829D8A9F8685AFA40 /* Pods-TvShowsAppTests.debug.xcconfig */;
			buildSettings = {
				ALWAYS_EMBED_SWIFT_STANDARD_LIBRARIES = YES;
				BUNDLE_LOADER = "$(TEST_HOST)";
				CODE_SIGN_STYLE = Automatic;
				INFOPLIST_FILE = TvShowsAppTests/Info.plist;
				IPHONEOS_DEPLOYMENT_TARGET = 13.5;
				LD_RUNPATH_SEARCH_PATHS = (
					"$(inherited)",
					"@executable_path/Frameworks",
					"@loader_path/Frameworks",
				);
				PRODUCT_BUNDLE_IDENTIFIER = teodora.garasanin.TvShowsAppTests;
				PRODUCT_NAME = "$(TARGET_NAME)";
				SWIFT_VERSION = 5.0;
				TARGETED_DEVICE_FAMILY = "1,2";
				TEST_HOST = "$(BUILT_PRODUCTS_DIR)/TvShowsApp.app/TvShowsApp";
			};
			name = Debug;
		};
		FADBC9C82485434C008603B3 /* Release */ = {
			isa = XCBuildConfiguration;
			baseConfigurationReference = 3E7A2DACE6A6758FFD85EB05 /* Pods-TvShowsAppTests.release.xcconfig */;
			buildSettings = {
				ALWAYS_EMBED_SWIFT_STANDARD_LIBRARIES = YES;
				BUNDLE_LOADER = "$(TEST_HOST)";
				CODE_SIGN_STYLE = Automatic;
				INFOPLIST_FILE = TvShowsAppTests/Info.plist;
				IPHONEOS_DEPLOYMENT_TARGET = 13.5;
				LD_RUNPATH_SEARCH_PATHS = (
					"$(inherited)",
					"@executable_path/Frameworks",
					"@loader_path/Frameworks",
				);
				PRODUCT_BUNDLE_IDENTIFIER = teodora.garasanin.TvShowsAppTests;
				PRODUCT_NAME = "$(TARGET_NAME)";
				SWIFT_VERSION = 5.0;
				TARGETED_DEVICE_FAMILY = "1,2";
				TEST_HOST = "$(BUILT_PRODUCTS_DIR)/TvShowsApp.app/TvShowsApp";
			};
			name = Release;
		};
		FADBC9CA2485434C008603B3 /* Debug */ = {
			isa = XCBuildConfiguration;
			baseConfigurationReference = E3678E6DB60F2AF71183DF72 /* Pods-TvShowsApp-TvShowsAppUITests.debug.xcconfig */;
			buildSettings = {
				ALWAYS_EMBED_SWIFT_STANDARD_LIBRARIES = YES;
				CODE_SIGN_STYLE = Automatic;
				INFOPLIST_FILE = TvShowsAppUITests/Info.plist;
				LD_RUNPATH_SEARCH_PATHS = (
					"$(inherited)",
					"@executable_path/Frameworks",
					"@loader_path/Frameworks",
				);
				PRODUCT_BUNDLE_IDENTIFIER = teodora.garasanin.TvShowsAppUITests;
				PRODUCT_NAME = "$(TARGET_NAME)";
				SWIFT_VERSION = 5.0;
				TARGETED_DEVICE_FAMILY = "1,2";
				TEST_TARGET_NAME = TvShowsApp;
			};
			name = Debug;
		};
		FADBC9CB2485434C008603B3 /* Release */ = {
			isa = XCBuildConfiguration;
			baseConfigurationReference = 428535BB31B630F5BEB62F15 /* Pods-TvShowsApp-TvShowsAppUITests.release.xcconfig */;
			buildSettings = {
				ALWAYS_EMBED_SWIFT_STANDARD_LIBRARIES = YES;
				CODE_SIGN_STYLE = Automatic;
				INFOPLIST_FILE = TvShowsAppUITests/Info.plist;
				LD_RUNPATH_SEARCH_PATHS = (
					"$(inherited)",
					"@executable_path/Frameworks",
					"@loader_path/Frameworks",
				);
				PRODUCT_BUNDLE_IDENTIFIER = teodora.garasanin.TvShowsAppUITests;
				PRODUCT_NAME = "$(TARGET_NAME)";
				SWIFT_VERSION = 5.0;
				TARGETED_DEVICE_FAMILY = "1,2";
				TEST_TARGET_NAME = TvShowsApp;
			};
			name = Release;
		};
/* End XCBuildConfiguration section */

/* Begin XCConfigurationList section */
		FADBC9942485434B008603B3 /* Build configuration list for PBXProject "TvShowsApp" */ = {
			isa = XCConfigurationList;
			buildConfigurations = (
				FADBC9C12485434C008603B3 /* Debug */,
				FADBC9C22485434C008603B3 /* Release */,
			);
			defaultConfigurationIsVisible = 0;
			defaultConfigurationName = Release;
		};
		FADBC9C32485434C008603B3 /* Build configuration list for PBXNativeTarget "TvShowsApp" */ = {
			isa = XCConfigurationList;
			buildConfigurations = (
				FADBC9C42485434C008603B3 /* Debug */,
				FADBC9C52485434C008603B3 /* Release */,
			);
			defaultConfigurationIsVisible = 0;
			defaultConfigurationName = Release;
		};
		FADBC9C62485434C008603B3 /* Build configuration list for PBXNativeTarget "TvShowsAppTests" */ = {
			isa = XCConfigurationList;
			buildConfigurations = (
				FADBC9C72485434C008603B3 /* Debug */,
				FADBC9C82485434C008603B3 /* Release */,
			);
			defaultConfigurationIsVisible = 0;
			defaultConfigurationName = Release;
		};
		FADBC9C92485434C008603B3 /* Build configuration list for PBXNativeTarget "TvShowsAppUITests" */ = {
			isa = XCConfigurationList;
			buildConfigurations = (
				FADBC9CA2485434C008603B3 /* Debug */,
				FADBC9CB2485434C008603B3 /* Release */,
			);
			defaultConfigurationIsVisible = 0;
			defaultConfigurationName = Release;
		};
/* End XCConfigurationList section */
	};
	rootObject = FADBC9912485434B008603B3 /* Project object */;
}
